Microsoft Visual Studio Solution File, Format Version 12.00
# Visual Studio 15
VisualStudioVersion = 15.0.28307.1758
MinimumVisualStudioVersion = 10.0.40219.1
Project("{8BC9CEB8-8B4A-11D0-8D11-00A0C91BC942}") = "Win32-NonClient", "Win32-Fundamentals-Dev\Win32-Fundamentals-Dev.vcxproj", "{36AF0CDD-83F6-478B-9D77-DEA79AAB1BC1}"
EndProject
Project("{8BC9CEB8-8B4A-11D0-8D11-00A0C91BC942}") = "Win32-HoverMouse", "Win32-HoverMouse\Win32-HooverMouse.vcxproj", "{6E2BCD26-539B-4BC9-BBCB-2AA2E4C9B86C}"
EndProject
Project("{8BC9CEB8-8B4A-11D0-8D11-00A0C91BC942}") = "Win32-SubclassHook", "Win32-SubclassHook\Win32-SubclassHook.vcxproj", "{1A632ED6-FBA3-41EB-B953-1B83403B76A6}"
EndProject
Project("{8BC9CEB8-8B4A-11D0-8D11-00A0C91BC942}") = "Win32-SuperClass", "Win32-SuperClass\Win32-SuperClass.vcxproj", "{8BA6CE81-912D-4B9B-818B-9DDC70D60217}"
EndProject
Project("{8BC9CEB8-8B4A-11D0-8D11-00A0C91BC942}") = "Win32-Splitter", "Win32-Splitter\Win32-Splitter.vcxproj", "{A4BC9818-1FA3-4AA1-81CA-773658852732}"
EndProject
Project("{8BC9CEB8-8B4A-11D0-8D11-00A0C91BC942}") = "Win32-Direct2D", "Win32-Direct2D\Win32-Direct2D.vcxproj", "{8A552806-0DE1-4555-A96B-9DE2D0D5DF22}"
EndProject
Project("{8BC9CEB8-8B4A-11D0-8D11-00A0C91BC942}") = "Win32-ToolTip", "Win32-Canvas\Win32-Canvas.vcxproj", "{81B2F78D-964F-434A-BDDC-4B039DCB930B}"
EndProject
Project("{8BC9CEB8-8B4A-11D0-8D11-00A0C91BC942}") = "Win32-Display", "Win32-Display\Win32-Display.vcxproj", "{A6A5161A-EC0B-428E-B87E-85DAE2BC07E6}"
EndProject
Project("{8BC9CEB8-8B4A-11D0-8D11-00A0C91BC942}") = "Win32-DoubleBuffer", "Win32-DoubleBuffer\Win32-DoubleBuffer.vcxproj", "{2D99A207-6ECC-4294-AD81-E383767D9F95}"
EndProject
Project("{8BC9CEB8-8B4A-11D0-8D11-00A0C91BC942}") = "Win32-Dialog", "Win32-Dialog\Win32-Dialog.vcxproj", "{A6504E07-8476-4C16-B5CE-2EDA029B884A}"
EndProject
Project("{2150E333-8FDC-42A3-9474-1A3956D46DE8}") = "Common", "Common", "{9FB1FB0F-CFC0-469C-B435-7B9237FE8290}"
	ProjectSection(SolutionItems) = preProject
		Common\Log.h = Common\Log.h
		Common\Wnd32.h = Common\Wnd32.h
	EndProjectSection
EndProject
Project("{8BC9CEB8-8B4A-11D0-8D11-00A0C91BC942}") = "Win32-DrawType", "Win32-DrawType\Win32-DrawType.vcxproj", "{2D910083-2BE2-494D-823F-C589CB8EBF68}"
EndProject
Project("{8BC9CEB8-8B4A-11D0-8D11-00A0C91BC942}") = "Win32-LayerdWindow", "Win32-LayerdWindow\Win32-LayerdWindow.vcxproj", "{61588906-FDF4-4CD1-B1B8-877C5F7F1350}"
EndProject
Project("{8BC9CEB8-8B4A-11D0-8D11-00A0C91BC942}") = "Win32-Edit", "Win32-Edit\Win32-Edit.vcxproj", "{0E494017-6A62-4659-8037-FC4BD7E61B2F}"
EndProject
Project("{8BC9CEB8-8B4A-11D0-8D11-00A0C91BC942}") = "Win32-Layout", "Win32-Layout\Win32-Layout.vcxproj", "{B145FA61-6B75-4575-B217-885E239A1FB2}"
EndProject
Project("{8BC9CEB8-8B4A-11D0-8D11-00A0C91BC942}") = "Win32-DrawPixel", "Win32-DrawPixel\Win32-DrawPixel.vcxproj", "{339A91E9-4C2C-4506-9993-AE344CA4E3AA}"
EndProject
Project("{8BC9CEB8-8B4A-11D0-8D11-00A0C91BC942}") = "Win32-Properties", "Win32-Properties\Win32-Properties.vcxproj", "{3AFC0115-D128-441B-A853-3286467AFBD6}"
EndProject
Global
	GlobalSection(SolutionConfigurationPlatforms) = preSolution
		Debug|x64 = Debug|x64
		Debug|x86 = Debug|x86
		Release|x64 = Release|x64
		Release|x86 = Release|x86
	EndGlobalSection
	GlobalSection(ProjectConfigurationPlatforms) = postSolution
		{36AF0CDD-83F6-478B-9D77-DEA79AAB1BC1}.Debug|x64.ActiveCfg = Debug|x64
		{36AF0CDD-83F6-478B-9D77-DEA79AAB1BC1}.Debug|x64.Build.0 = Debug|x64
		{36AF0CDD-83F6-478B-9D77-DEA79AAB1BC1}.Debug|x86.ActiveCfg = Debug|Win32
		{36AF0CDD-83F6-478B-9D77-DEA79AAB1BC1}.Debug|x86.Build.0 = Debug|Win32
		{36AF0CDD-83F6-478B-9D77-DEA79AAB1BC1}.Release|x64.ActiveCfg = Release|x64
		{36AF0CDD-83F6-478B-9D77-DEA79AAB1BC1}.Release|x64.Build.0 = Release|x64
		{36AF0CDD-83F6-478B-9D77-DEA79AAB1BC1}.Release|x86.ActiveCfg = Release|Win32
		{36AF0CDD-83F6-478B-9D77-DEA79AAB1BC1}.Release|x86.Build.0 = Release|Win32
		{6E2BCD26-539B-4BC9-BBCB-2AA2E4C9B86C}.Debug|x64.ActiveCfg = Debug|x64
		{6E2BCD26-539B-4BC9-BBCB-2AA2E4C9B86C}.Debug|x64.Build.0 = Debug|x64
		{6E2BCD26-539B-4BC9-BBCB-2AA2E4C9B86C}.Debug|x86.ActiveCfg = Debug|Win32
		{6E2BCD26-539B-4BC9-BBCB-2AA2E4C9B86C}.Debug|x86.Build.0 = Debug|Win32
		{6E2BCD26-539B-4BC9-BBCB-2AA2E4C9B86C}.Release|x64.ActiveCfg = Release|x64
		{6E2BCD26-539B-4BC9-BBCB-2AA2E4C9B86C}.Release|x64.Build.0 = Release|x64
		{6E2BCD26-539B-4BC9-BBCB-2AA2E4C9B86C}.Release|x86.ActiveCfg = Release|Win32
		{6E2BCD26-539B-4BC9-BBCB-2AA2E4C9B86C}.Release|x86.Build.0 = Release|Win32
		{1A632ED6-FBA3-41EB-B953-1B83403B76A6}.Debug|x64.ActiveCfg = Debug|x64
		{1A632ED6-FBA3-41EB-B953-1B83403B76A6}.Debug|x64.Build.0 = Debug|x64
		{1A632ED6-FBA3-41EB-B953-1B83403B76A6}.Debug|x86.ActiveCfg = Debug|Win32
		{1A632ED6-FBA3-41EB-B953-1B83403B76A6}.Debug|x86.Build.0 = Debug|Win32
		{1A632ED6-FBA3-41EB-B953-1B83403B76A6}.Release|x64.ActiveCfg = Release|x64
		{1A632ED6-FBA3-41EB-B953-1B83403B76A6}.Release|x64.Build.0 = Release|x64
		{1A632ED6-FBA3-41EB-B953-1B83403B76A6}.Release|x86.ActiveCfg = Release|Win32
		{1A632ED6-FBA3-41EB-B953-1B83403B76A6}.Release|x86.Build.0 = Release|Win32
		{8BA6CE81-912D-4B9B-818B-9DDC70D60217}.Debug|x64.ActiveCfg = Debug|x64
		{8BA6CE81-912D-4B9B-818B-9DDC70D60217}.Debug|x64.Build.0 = Debug|x64
		{8BA6CE81-912D-4B9B-818B-9DDC70D60217}.Debug|x86.ActiveCfg = Debug|Win32
		{8BA6CE81-912D-4B9B-818B-9DDC70D60217}.Debug|x86.Build.0 = Debug|Win32
		{8BA6CE81-912D-4B9B-818B-9DDC70D60217}.Release|x64.ActiveCfg = Release|x64
		{8BA6CE81-912D-4B9B-818B-9DDC70D60217}.Release|x64.Build.0 = Release|x64
		{8BA6CE81-912D-4B9B-818B-9DDC70D60217}.Release|x86.ActiveCfg = Release|Win32
		{8BA6CE81-912D-4B9B-818B-9DDC70D60217}.Release|x86.Build.0 = Release|Win32
		{A4BC9818-1FA3-4AA1-81CA-773658852732}.Debug|x64.ActiveCfg = Debug|x64
		{A4BC9818-1FA3-4AA1-81CA-773658852732}.Debug|x64.Build.0 = Debug|x64
		{A4BC9818-1FA3-4AA1-81CA-773658852732}.Debug|x86.ActiveCfg = Debug|Win32
		{A4BC9818-1FA3-4AA1-81CA-773658852732}.Debug|x86.Build.0 = Debug|Win32
		{A4BC9818-1FA3-4AA1-81CA-773658852732}.Release|x64.ActiveCfg = Release|x64
		{A4BC9818-1FA3-4AA1-81CA-773658852732}.Release|x64.Build.0 = Release|x64
		{A4BC9818-1FA3-4AA1-81CA-773658852732}.Release|x86.ActiveCfg = Release|Win32
		{A4BC9818-1FA3-4AA1-81CA-773658852732}.Release|x86.Build.0 = Release|Win32
		{8A552806-0DE1-4555-A96B-9DE2D0D5DF22}.Debug|x64.ActiveCfg = Debug|x64
		{8A552806-0DE1-4555-A96B-9DE2D0D5DF22}.Debug|x64.Build.0 = Debug|x64
		{8A552806-0DE1-4555-A96B-9DE2D0D5DF22}.Debug|x86.ActiveCfg = Debug|Win32
		{8A552806-0DE1-4555-A96B-9DE2D0D5DF22}.Debug|x86.Build.0 = Debug|Win32
		{8A552806-0DE1-4555-A96B-9DE2D0D5DF22}.Release|x64.ActiveCfg = Release|x64
		{8A552806-0DE1-4555-A96B-9DE2D0D5DF22}.Release|x64.Build.0 = Release|x64
		{8A552806-0DE1-4555-A96B-9DE2D0D5DF22}.Release|x86.ActiveCfg = Release|Win32
		{8A552806-0DE1-4555-A96B-9DE2D0D5DF22}.Release|x86.Build.0 = Release|Win32
		{81B2F78D-964F-434A-BDDC-4B039DCB930B}.Debug|x64.ActiveCfg = Debug|x64
		{81B2F78D-964F-434A-BDDC-4B039DCB930B}.Debug|x64.Build.0 = Debug|x64
		{81B2F78D-964F-434A-BDDC-4B039DCB930B}.Debug|x86.ActiveCfg = Debug|Win32
		{81B2F78D-964F-434A-BDDC-4B039DCB930B}.Debug|x86.Build.0 = Debug|Win32
		{81B2F78D-964F-434A-BDDC-4B039DCB930B}.Release|x64.ActiveCfg = Release|x64
		{81B2F78D-964F-434A-BDDC-4B039DCB930B}.Release|x64.Build.0 = Release|x64
		{81B2F78D-964F-434A-BDDC-4B039DCB930B}.Release|x86.ActiveCfg = Release|Win32
		{81B2F78D-964F-434A-BDDC-4B039DCB930B}.Release|x86.Build.0 = Release|Win32
		{A6A5161A-EC0B-428E-B87E-85DAE2BC07E6}.Debug|x64.ActiveCfg = Debug|x64
		{A6A5161A-EC0B-428E-B87E-85DAE2BC07E6}.Debug|x64.Build.0 = Debug|x64
		{A6A5161A-EC0B-428E-B87E-85DAE2BC07E6}.Debug|x86.ActiveCfg = Debug|Win32
		{A6A5161A-EC0B-428E-B87E-85DAE2BC07E6}.Debug|x86.Build.0 = Debug|Win32
		{A6A5161A-EC0B-428E-B87E-85DAE2BC07E6}.Release|x64.ActiveCfg = Release|x64
		{A6A5161A-EC0B-428E-B87E-85DAE2BC07E6}.Release|x64.Build.0 = Release|x64
		{A6A5161A-EC0B-428E-B87E-85DAE2BC07E6}.Release|x86.ActiveCfg = Release|Win32
		{A6A5161A-EC0B-428E-B87E-85DAE2BC07E6}.Release|x86.Build.0 = Release|Win32
		{2D99A207-6ECC-4294-AD81-E383767D9F95}.Debug|x64.ActiveCfg = Debug|x64
		{2D99A207-6ECC-4294-AD81-E383767D9F95}.Debug|x64.Build.0 = Debug|x64
		{2D99A207-6ECC-4294-AD81-E383767D9F95}.Debug|x86.ActiveCfg = Debug|Win32
		{2D99A207-6ECC-4294-AD81-E383767D9F95}.Debug|x86.Build.0 = Debug|Win32
		{2D99A207-6ECC-4294-AD81-E383767D9F95}.Release|x64.ActiveCfg = Release|x64
		{2D99A207-6ECC-4294-AD81-E383767D9F95}.Release|x64.Build.0 = Release|x64
		{2D99A207-6ECC-4294-AD81-E383767D9F95}.Release|x86.ActiveCfg = Release|Win32
		{2D99A207-6ECC-4294-AD81-E383767D9F95}.Release|x86.Build.0 = Release|Win32
		{A6504E07-8476-4C16-B5CE-2EDA029B884A}.Debug|x64.ActiveCfg = Debug|x64
		{A6504E07-8476-4C16-B5CE-2EDA029B884A}.Debug|x64.Build.0 = Debug|x64
		{A6504E07-8476-4C16-B5CE-2EDA029B884A}.Debug|x86.ActiveCfg = Debug|Win32
		{A6504E07-8476-4C16-B5CE-2EDA029B884A}.Debug|x86.Build.0 = Debug|Win32
		{A6504E07-8476-4C16-B5CE-2EDA029B884A}.Release|x64.ActiveCfg = Release|x64
		{A6504E07-8476-4C16-B5CE-2EDA029B884A}.Release|x64.Build.0 = Release|x64
		{A6504E07-8476-4C16-B5CE-2EDA029B884A}.Release|x86.ActiveCfg = Release|Win32
		{A6504E07-8476-4C16-B5CE-2EDA029B884A}.Release|x86.Build.0 = Release|Win32
		{2D910083-2BE2-494D-823F-C589CB8EBF68}.Debug|x64.ActiveCfg = Debug|x64
		{2D910083-2BE2-494D-823F-C589CB8EBF68}.Debug|x64.Build.0 = Debug|x64
		{2D910083-2BE2-494D-823F-C589CB8EBF68}.Debug|x86.ActiveCfg = Debug|Win32
		{2D910083-2BE2-494D-823F-C589CB8EBF68}.Debug|x86.Build.0 = Debug|Win32
		{2D910083-2BE2-494D-823F-C589CB8EBF68}.Release|x64.ActiveCfg = Release|x64
		{2D910083-2BE2-494D-823F-C589CB8EBF68}.Release|x64.Build.0 = Release|x64
		{2D910083-2BE2-494D-823F-C589CB8EBF68}.Release|x86.ActiveCfg = Release|Win32
		{2D910083-2BE2-494D-823F-C589CB8EBF68}.Release|x86.Build.0 = Release|Win32
		{61588906-FDF4-4CD1-B1B8-877C5F7F1350}.Debug|x64.ActiveCfg = Debug|x64
		{61588906-FDF4-4CD1-B1B8-877C5F7F1350}.Debug|x64.Build.0 = Debug|x64
		{61588906-FDF4-4CD1-B1B8-877C5F7F1350}.Debug|x86.ActiveCfg = Debug|Win32
		{61588906-FDF4-4CD1-B1B8-877C5F7F1350}.Debug|x86.Build.0 = Debug|Win32
		{61588906-FDF4-4CD1-B1B8-877C5F7F1350}.Release|x64.ActiveCfg = Release|x64
		{61588906-FDF4-4CD1-B1B8-877C5F7F1350}.Release|x64.Build.0 = Release|x64
		{61588906-FDF4-4CD1-B1B8-877C5F7F1350}.Release|x86.ActiveCfg = Release|Win32
		{61588906-FDF4-4CD1-B1B8-877C5F7F1350}.Release|x86.Build.0 = Release|Win32
		{0E494017-6A62-4659-8037-FC4BD7E61B2F}.Debug|x64.ActiveCfg = Debug|x64
		{0E494017-6A62-4659-8037-FC4BD7E61B2F}.Debug|x64.Build.0 = Debug|x64
		{0E494017-6A62-4659-8037-FC4BD7E61B2F}.Debug|x86.ActiveCfg = Debug|Win32
		{0E494017-6A62-4659-8037-FC4BD7E61B2F}.Debug|x86.Build.0 = Debug|Win32
		{0E494017-6A62-4659-8037-FC4BD7E61B2F}.Release|x64.ActiveCfg = Release|x64
		{0E494017-6A62-4659-8037-FC4BD7E61B2F}.Release|x64.Build.0 = Release|x64
		{0E494017-6A62-4659-8037-FC4BD7E61B2F}.Release|x86.ActiveCfg = Release|Win32
		{0E494017-6A62-4659-8037-FC4BD7E61B2F}.Release|x86.Build.0 = Release|Win32
		{B145FA61-6B75-4575-B217-885E239A1FB2}.Debug|x64.ActiveCfg = Debug|x64
		{B145FA61-6B75-4575-B217-885E239A1FB2}.Debug|x64.Build.0 = Debug|x64
		{B145FA61-6B75-4575-B217-885E239A1FB2}.Debug|x86.ActiveCfg = Debug|Win32
		{B145FA61-6B75-4575-B217-885E239A1FB2}.Debug|x86.Build.0 = Debug|Win32
		{B145FA61-6B75-4575-B217-885E239A1FB2}.Release|x64.ActiveCfg = Release|x64
		{B145FA61-6B75-4575-B217-885E239A1FB2}.Release|x64.Build.0 = Release|x64
		{B145FA61-6B75-4575-B217-885E239A1FB2}.Release|x86.ActiveCfg = Release|Win32
		{B145FA61-6B75-4575-B217-885E239A1FB2}.Release|x86.Build.0 = Release|Win32
		{339A91E9-4C2C-4506-9993-AE344CA4E3AA}.Debug|x64.ActiveCfg = Debug|x64
		{339A91E9-4C2C-4506-9993-AE344CA4E3AA}.Debug|x64.Build.0 = Debug|x64
		{339A91E9-4C2C-4506-9993-AE344CA4E3AA}.Debug|x86.ActiveCfg = Debug|Win32
		{339A91E9-4C2C-4506-9993-AE344CA4E3AA}.Debug|x86.Build.0 = Debug|Win32
		{339A91E9-4C2C-4506-9993-AE344CA4E3AA}.Release|x64.ActiveCfg = Release|x64
		{339A91E9-4C2C-4506-9993-AE344CA4E3AA}.Release|x64.Build.0 = Release|x64
		{339A91E9-4C2C-4506-9993-AE344CA4E3AA}.Release|x86.ActiveCfg = Release|Win32
		{339A91E9-4C2C-4506-9993-AE344CA4E3AA}.Release|x86.Build.0 = Release|Win32
		{3AFC0115-D128-441B-A853-3286467AFBD6}.Debug|x64.ActiveCfg = Debug|x64
		{3AFC0115-D128-441B-A853-3286467AFBD6}.Debug|x64.Build.0 = Debug|x64
		{3AFC0115-D128-441B-A853-3286467AFBD6}.Debug|x86.ActiveCfg = Debug|Win32
		{3AFC0115-D128-441B-A853-3286467AFBD6}.Debug|x86.Build.0 = Debug|Win32
		{3AFC0115-D128-441B-A853-3286467AFBD6}.Release|x64.ActiveCfg = Release|x64
		{3AFC0115-D128-441B-A853-3286467AFBD6}.Release|x64.Build.0 = Release|x64
		{3AFC0115-D128-441B-A853-3286467AFBD6}.Release|x86.ActiveCfg = Release|Win32
		{3AFC0115-D128-441B-A853-3286467AFBD6}.Release|x86.Build.0 = Release|Win32
	EndGlobalSection
	GlobalSection(SolutionProperties) = preSolution
		HideSolutionNode = FALSE
	EndGlobalSection
	GlobalSection(ExtensibilityGlobals) = postSolution
		SolutionGuid = {C1511BB7-1C9A-446F-BB33-F0005D58DD91}
	EndGlobalSection
EndGlobal
